
Microsoft Visual Studio Solution File, Format Version 12.00
# Visual Studio Version 17
VisualStudioVersion = 17.8.34330.188
MinimumVisualStudioVersion = 10.0.40219.1
Project("{8BC9CEB8-8B4A-11D0-8D11-00A0C91BC942}") = "QtWidgetsApp", "QtWidgetsApp.vcxproj", "{2E60FA1E-65B5-470C-AB18-7BBD16491825}"
EndProject
Global
	GlobalSection(SolutionConfigurationPlatforms) = preSolution
		Debug|x86 = Debug|x86
		Release|x86 = Release|x86
	EndGlobalSection
	GlobalSection(ProjectConfigurationPlatforms) = postSolution
		{2E60FA1E-65B5-470C-AB18-7BBD16491825}.Debug|x86.ActiveCfg = Debug|Win32
		{2E60FA1E-65B5-470C-AB18-7BBD16491825}.Debug|x86.Build.0 = Debug|Win32
		{2E60FA1E-65B5-470C-AB18-7BBD16491825}.Release|x86.ActiveCfg = Release|Win32
		{2E60FA1E-65B5-470C-AB18-7BBD16491825}.Release|x86.Build.0 = Release|Win32
	EndGlobalSection
	GlobalSection(SolutionProperties) = preSolution
		HideSolutionNode = FALSE
	EndGlobalSection
	GlobalSection(ExtensibilityGlobals) = postSolution
		SolutionGuid = {AADFAADD-712C-4B5A-8222-2E549C45306F}
	EndGlobalSection
EndGlobal
